
Microsoft Visual Studio Solution File, Format Version 12.00
# Visual Studio Version 16
VisualStudioVersion = 16.0.30413.136
MinimumVisualStudioVersion = 10.0.40219.1
Project("{FAE04EC0-301F-11D3-BF4B-00C04F79EFBC}") = "CodeAssignmentPeerIslands.Domain", "CodeAssignmentPeerIslands.Domain\CodeAssignmentPeerIslands.Domain.csproj", "{E1CCC5E9-A774-43AE-99BB-3869FDD4BBDF}"
EndProject
Project("{FAE04EC0-301F-11D3-BF4B-00C04F79EFBC}") = "CodeAssignmentPeerIslands.Infra", "CodeAssignmentPeerIslands.Infra\CodeAssignmentPeerIslands.Infra.csproj", "{2B2BE7BA-CDB6-47DC-B983-AAB44F88CFDF}"
EndProject
Project("{FAE04EC0-301F-11D3-BF4B-00C04F79EFBC}") = "CodeAssignmentPeerIslands.Service", "CodeAssignmentPeerIslands.Service\CodeAssignmentPeerIslands.Service.csproj", "{9EFAAFDB-8A42-4086-BEE4-F5786ED8348F}"
EndProject
Project("{FAE04EC0-301F-11D3-BF4B-00C04F79EFBC}") = "CodeAssignmentPeerIslands.Application", "CodeAssignmentPeerIslands.Application\CodeAssignmentPeerIslands.Application.csproj", "{9AF617EA-EE8D-4FB3-B581-B184A061E419}"
EndProject
Project("{FAE04EC0-301F-11D3-BF4B-00C04F79EFBC}") = "CodeAssignmentPeerIslands.Test", "CodeAssignmentPeerIslands.Test\CodeAssignmentPeerIslands.Test.csproj", "{7F48BDE7-93E4-4193-8D13-3907F4A0FF8E}"
EndProject
Global
	GlobalSection(SolutionConfigurationPlatforms) = preSolution
		Debug|Any CPU = Debug|Any CPU
		Release|Any CPU = Release|Any CPU
	EndGlobalSection
	GlobalSection(ProjectConfigurationPlatforms) = postSolution
		{E1CCC5E9-A774-43AE-99BB-3869FDD4BBDF}.Debug|Any CPU.ActiveCfg = Debug|Any CPU
		{E1CCC5E9-A774-43AE-99BB-3869FDD4BBDF}.Debug|Any CPU.Build.0 = Debug|Any CPU
		{E1CCC5E9-A774-43AE-99BB-3869FDD4BBDF}.Release|Any CPU.ActiveCfg = Release|Any CPU
		{E1CCC5E9-A774-43AE-99BB-3869FDD4BBDF}.Release|Any CPU.Build.0 = Release|Any CPU
		{2B2BE7BA-CDB6-47DC-B983-AAB44F88CFDF}.Debug|Any CPU.ActiveCfg = Debug|Any CPU
		{2B2BE7BA-CDB6-47DC-B983-AAB44F88CFDF}.Debug|Any CPU.Build.0 = Debug|Any CPU
		{2B2BE7BA-CDB6-47DC-B983-AAB44F88CFDF}.Release|Any CPU.ActiveCfg = Release|Any CPU
		{2B2BE7BA-CDB6-47DC-B983-AAB44F88CFDF}.Release|Any CPU.Build.0 = Release|Any CPU
		{9EFAAFDB-8A42-4086-BEE4-F5786ED8348F}.Debug|Any CPU.ActiveCfg = Debug|Any CPU
		{9EFAAFDB-8A42-4086-BEE4-F5786ED8348F}.Debug|Any CPU.Build.0 = Debug|Any CPU
		{9EFAAFDB-8A42-4086-BEE4-F5786ED8348F}.Release|Any CPU.ActiveCfg = Release|Any CPU
		{9EFAAFDB-8A42-4086-BEE4-F5786ED8348F}.Release|Any CPU.Build.0 = Release|Any CPU
		{9AF617EA-EE8D-4FB3-B581-B184A061E419}.Debug|Any CPU.ActiveCfg = Debug|Any CPU
		{9AF617EA-EE8D-4FB3-B581-B184A061E419}.Debug|Any CPU.Build.0 = Debug|Any CPU
		{9AF617EA-EE8D-4FB3-B581-B184A061E419}.Release|Any CPU.ActiveCfg = Release|Any CPU
		{9AF617EA-EE8D-4FB3-B581-B184A061E419}.Release|Any CPU.Build.0 = Release|Any CPU
		{7F48BDE7-93E4-4193-8D13-3907F4A0FF8E}.Debug|Any CPU.ActiveCfg = Debug|Any CPU
		{7F48BDE7-93E4-4193-8D13-3907F4A0FF8E}.Debug|Any CPU.Build.0 = Debug|Any CPU
		{7F48BDE7-93E4-4193-8D13-3907F4A0FF8E}.Release|Any CPU.ActiveCfg = Release|Any CPU
		{7F48BDE7-93E4-4193-8D13-3907F4A0FF8E}.Release|Any CPU.Build.0 = Release|Any CPU
	EndGlobalSection
	GlobalSection(SolutionProperties) = preSolution
		HideSolutionNode = FALSE
	EndGlobalSection
	GlobalSection(ExtensibilityGlobals) = postSolution
		SolutionGuid = {99CA3A40-93A8-43D3-AEE4-E64B1D26C3E4}
	EndGlobalSection
EndGlobal
